
Microsoft Visual Studio Solution File, Format Version 12.00
# Visual Studio Version 17
VisualStudioVersion = 17.4.33205.214
MinimumVisualStudioVersion = 10.0.40219.1
Project("{888888A0-9F3D-457C-B088-3A5042F75D52}") = "Kontrolltöö_Kordused_ValeriaAllik_TARpv23", "Kontrolltöö_Kordused_ValeriaAllik_TARpv23.pyproj", "{2625D947-8CF0-4DEF-BD8A-77952C85CC1C}"
EndProject
Global
	GlobalSection(SolutionConfigurationPlatforms) = preSolution
		Debug|Any CPU = Debug|Any CPU
		Release|Any CPU = Release|Any CPU
	EndGlobalSection
	GlobalSection(ProjectConfigurationPlatforms) = postSolution
		{2625D947-8CF0-4DEF-BD8A-77952C85CC1C}.Debug|Any CPU.ActiveCfg = Debug|Any CPU
		{2625D947-8CF0-4DEF-BD8A-77952C85CC1C}.Release|Any CPU.ActiveCfg = Release|Any CPU
	EndGlobalSection
	GlobalSection(SolutionProperties) = preSolution
		HideSolutionNode = FALSE
	EndGlobalSection
	GlobalSection(ExtensibilityGlobals) = postSolution
		SolutionGuid = {EDDBFB6C-9E68-4E91-93C4-9BFA466BE674}
	EndGlobalSection
EndGlobal
